
Microsoft Visual Studio Solution File, Format Version 12.00
# Visual Studio Version 17
VisualStudioVersion = 17.13.35919.96
MinimumVisualStudioVersion = 10.0.40219.1
Project("{FAE04EC0-301F-11D3-BF4B-00C04F79EFBC}") = "DijitalAjanda.Server", "DijitalAjanda.Server\DijitalAjanda.Server.csproj", "{56B4365B-4939-4BB7-BE06-A90A2F3C667C}"
EndProject
Global
	GlobalSection(SolutionConfigurationPlatforms) = preSolution
		Debug|Any CPU = Debug|Any CPU
		Release|Any CPU = Release|Any CPU
	EndGlobalSection
	GlobalSection(ProjectConfigurationPlatforms) = postSolution
		{56B4365B-4939-4BB7-BE06-A90A2F3C667C}.Debug|Any CPU.ActiveCfg = Debug|Any CPU
		{56B4365B-4939-4BB7-BE06-A90A2F3C667C}.Debug|Any CPU.Build.0 = Debug|Any CPU
		{56B4365B-4939-4BB7-BE06-A90A2F3C667C}.Release|Any CPU.ActiveCfg = Release|Any CPU
		{56B4365B-4939-4BB7-BE06-A90A2F3C667C}.Release|Any CPU.Build.0 = Release|Any CPU
	EndGlobalSection
	GlobalSection(SolutionProperties) = preSolution
		HideSolutionNode = FALSE
	EndGlobalSection
	GlobalSection(ExtensibilityGlobals) = postSolution
		SolutionGuid = {385C0E00-69B7-4ADA-83D9-EA5A4E54D807}
	EndGlobalSection
EndGlobal
